
Microsoft Visual Studio Solution File, Format Version 12.00
# Visual Studio Version 17
VisualStudioVersion = 17.1.32228.430
MinimumVisualStudioVersion = 10.0.40219.1
Project("{9A19103F-16F7-4668-BE54-9A1E7A4F7556}") = "FullStack.API", "FullStack.API\FullStack.API.csproj", "{0E2B23AA-24DD-4F4D-9D9F-015F0687BC3B}"
EndProject
Project("{FAE04EC0-301F-11D3-BF4B-00C04F79EFBC}") = "Entities", "Entities\Entities.csproj", "{039D7E30-5520-49DE-B82C-62A6D63E4303}"
EndProject
Project("{FAE04EC0-301F-11D3-BF4B-00C04F79EFBC}") = "Repositories", "Repositories\Repositories.csproj", "{78B8F295-E6F4-43C1-93F7-476C38D9FCFD}"
EndProject
Global
	GlobalSection(SolutionConfigurationPlatforms) = preSolution
		Debug|Any CPU = Debug|Any CPU
		Release|Any CPU = Release|Any CPU
	EndGlobalSection
	GlobalSection(ProjectConfigurationPlatforms) = postSolution
		{0E2B23AA-24DD-4F4D-9D9F-015F0687BC3B}.Debug|Any CPU.ActiveCfg = Debug|Any CPU
		{0E2B23AA-24DD-4F4D-9D9F-015F0687BC3B}.Debug|Any CPU.Build.0 = Debug|Any CPU
		{0E2B23AA-24DD-4F4D-9D9F-015F0687BC3B}.Release|Any CPU.ActiveCfg = Release|Any CPU
		{0E2B23AA-24DD-4F4D-9D9F-015F0687BC3B}.Release|Any CPU.Build.0 = Release|Any CPU
		{039D7E30-5520-49DE-B82C-62A6D63E4303}.Debug|Any CPU.ActiveCfg = Debug|Any CPU
		{039D7E30-5520-49DE-B82C-62A6D63E4303}.Debug|Any CPU.Build.0 = Debug|Any CPU
		{039D7E30-5520-49DE-B82C-62A6D63E4303}.Release|Any CPU.ActiveCfg = Release|Any CPU
		{039D7E30-5520-49DE-B82C-62A6D63E4303}.Release|Any CPU.Build.0 = Release|Any CPU
		{78B8F295-E6F4-43C1-93F7-476C38D9FCFD}.Debug|Any CPU.ActiveCfg = Debug|Any CPU
		{78B8F295-E6F4-43C1-93F7-476C38D9FCFD}.Debug|Any CPU.Build.0 = Debug|Any CPU
		{78B8F295-E6F4-43C1-93F7-476C38D9FCFD}.Release|Any CPU.ActiveCfg = Release|Any CPU
		{78B8F295-E6F4-43C1-93F7-476C38D9FCFD}.Release|Any CPU.Build.0 = Release|Any CPU
	EndGlobalSection
	GlobalSection(SolutionProperties) = preSolution
		HideSolutionNode = FALSE
	EndGlobalSection
	GlobalSection(ExtensibilityGlobals) = postSolution
		SolutionGuid = {702449F1-283E-4B10-8B51-6CB70F814B46}
	EndGlobalSection
EndGlobal
